
Microsoft Visual Studio Solution File, Format Version 12.00
# Visual Studio 14
VisualStudioVersion = 14.0.25123.0
MinimumVisualStudioVersion = 10.0.40219.1
Project("{151D2E53-A2C4-4D7D-83FE-D05416EBD58E}") = "BioInfo.Automation.AzureResourceGroup", "Automation\AzureResourceGroup\BioInfo.Automation.AzureResourceGroup.deployproj", "{0C08CB76-8D3A-466F-B593-4538A55F481E}"
EndProject
Project("{2150E333-8FDC-42A3-9474-1A3956D46DE8}") = "Web", "Web", "{35FE01E4-5A2D-43CF-BD16-A91AF1C700D4}"
EndProject
Project("{2150E333-8FDC-42A3-9474-1A3956D46DE8}") = "Automation", "Automation", "{C6938231-933B-41DB-85AF-52EF9F0A948C}"
EndProject
Project("{FAE04EC0-301F-11D3-BF4B-00C04F79EFBC}") = "BioInfo.Web.ApplicationApi", "Web\ApplicationApi\BioInfo.Web.ApplicationApi.csproj", "{8E0AF359-C2D9-4592-AD14-6D45CE040DEC}"
EndProject
Project("{FAE04EC0-301F-11D3-BF4B-00C04F79EFBC}") = "BioInfo.Web.ExternalWeb", "Web\ExternalWeb\BioInfo.Web.ExternalWeb.csproj", "{2C566503-673E-4ADF-8503-F6E04C58FB8E}"
EndProject
Project("{2150E333-8FDC-42A3-9474-1A3956D46DE8}") = "Tests", "Tests", "{C1FC7DFA-56CF-44BD-9484-C6D231FEE96B}"
EndProject
Project("{FAE04EC0-301F-11D3-BF4B-00C04F79EFBC}") = "BioInfo.Tests.DeviceSimulator", "Tests\DeviceSimulator\BioInfo.Tests.DeviceSimulator.csproj", "{57E51D40-C611-4895-B740-536FF9452950}"
EndProject
Project("{FAE04EC0-301F-11D3-BF4B-00C04F79EFBC}") = "BioInfo.Web.AbnormalEventJob", "Web\AbnormalEventJob\BioInfo.Web.AbnormalEventJob.csproj", "{71D51A21-09DA-4947-8D0B-5F56FE85FF84}"
EndProject
Project("{FAE04EC0-301F-11D3-BF4B-00C04F79EFBC}") = "BioInfo.Web.AdminWeb", "Web\AdminWeb\BioInfo.Web.AdminWeb.csproj", "{3AEA5C4D-5206-4EFF-AAE0-598908B427E4}"
EndProject
Project("{00D1A9C2-B5F0-4AF3-8072-F6C62B433612}") = "BioInfo.Domain.SQL", "Data\BioInfo.Domain.SQL\BioInfo.Domain.SQL.sqlproj", "{03689493-CED0-4B98-9162-5BFFCD6FB640}"
EndProject
Project("{2150E333-8FDC-42A3-9474-1A3956D46DE8}") = "Data", "Data", "{3E9A5F4F-8D3B-4CF1-BB93-DE305B450064}"
EndProject
Project("{FAE04EC0-301F-11D3-BF4B-00C04F79EFBC}") = "BioInfo.Web.Services", "BioInfo.Web.Services\BioInfo.Web.Services.csproj", "{D26A4796-5429-4BDC-9DE2-1B21F994B4B9}"
EndProject
Project("{FAE04EC0-301F-11D3-BF4B-00C04F79EFBC}") = "BioInfo.Web.Core", "BioInfo.Web.Core\BioInfo.Web.Core.csproj", "{971D67B3-6D81-4A33-8E28-63CF2C874F32}"
EndProject
Project("{F2A71F9B-5D33-465A-A702-920D77279786}") = "BioInfo.Tests.ActivitySimulator", "BioInfo.Tests.ActivitySimulator\BioInfo.Tests.ActivitySimulator.fsproj", "{1172F4E0-7247-4FA3-8C06-21B0D2102EC4}"
EndProject
Global
	GlobalSection(SolutionConfigurationPlatforms) = preSolution
		Debug|Any CPU = Debug|Any CPU
		Release|Any CPU = Release|Any CPU
	EndGlobalSection
	GlobalSection(ProjectConfigurationPlatforms) = postSolution
		{0C08CB76-8D3A-466F-B593-4538A55F481E}.Debug|Any CPU.ActiveCfg = Debug|Any CPU
		{0C08CB76-8D3A-466F-B593-4538A55F481E}.Debug|Any CPU.Build.0 = Debug|Any CPU
		{0C08CB76-8D3A-466F-B593-4538A55F481E}.Release|Any CPU.ActiveCfg = Release|Any CPU
		{0C08CB76-8D3A-466F-B593-4538A55F481E}.Release|Any CPU.Build.0 = Release|Any CPU
		{8E0AF359-C2D9-4592-AD14-6D45CE040DEC}.Debug|Any CPU.ActiveCfg = Debug|Any CPU
		{8E0AF359-C2D9-4592-AD14-6D45CE040DEC}.Debug|Any CPU.Build.0 = Debug|Any CPU
		{8E0AF359-C2D9-4592-AD14-6D45CE040DEC}.Release|Any CPU.ActiveCfg = Release|Any CPU
		{8E0AF359-C2D9-4592-AD14-6D45CE040DEC}.Release|Any CPU.Build.0 = Release|Any CPU
		{2C566503-673E-4ADF-8503-F6E04C58FB8E}.Debug|Any CPU.ActiveCfg = Debug|Any CPU
		{2C566503-673E-4ADF-8503-F6E04C58FB8E}.Debug|Any CPU.Build.0 = Debug|Any CPU
		{2C566503-673E-4ADF-8503-F6E04C58FB8E}.Release|Any CPU.ActiveCfg = Release|Any CPU
		{2C566503-673E-4ADF-8503-F6E04C58FB8E}.Release|Any CPU.Build.0 = Release|Any CPU
		{57E51D40-C611-4895-B740-536FF9452950}.Debug|Any CPU.ActiveCfg = Debug|Any CPU
		{57E51D40-C611-4895-B740-536FF9452950}.Debug|Any CPU.Build.0 = Debug|Any CPU
		{57E51D40-C611-4895-B740-536FF9452950}.Release|Any CPU.ActiveCfg = Release|Any CPU
		{57E51D40-C611-4895-B740-536FF9452950}.Release|Any CPU.Build.0 = Release|Any CPU
		{71D51A21-09DA-4947-8D0B-5F56FE85FF84}.Debug|Any CPU.ActiveCfg = Debug|Any CPU
		{71D51A21-09DA-4947-8D0B-5F56FE85FF84}.Debug|Any CPU.Build.0 = Debug|Any CPU
		{71D51A21-09DA-4947-8D0B-5F56FE85FF84}.Release|Any CPU.ActiveCfg = Release|Any CPU
		{71D51A21-09DA-4947-8D0B-5F56FE85FF84}.Release|Any CPU.Build.0 = Release|Any CPU
		{3AEA5C4D-5206-4EFF-AAE0-598908B427E4}.Debug|Any CPU.ActiveCfg = Debug|Any CPU
		{3AEA5C4D-5206-4EFF-AAE0-598908B427E4}.Debug|Any CPU.Build.0 = Debug|Any CPU
		{3AEA5C4D-5206-4EFF-AAE0-598908B427E4}.Release|Any CPU.ActiveCfg = Release|Any CPU
		{3AEA5C4D-5206-4EFF-AAE0-598908B427E4}.Release|Any CPU.Build.0 = Release|Any CPU
		{03689493-CED0-4B98-9162-5BFFCD6FB640}.Debug|Any CPU.ActiveCfg = Debug|Any CPU
		{03689493-CED0-4B98-9162-5BFFCD6FB640}.Debug|Any CPU.Build.0 = Debug|Any CPU
		{03689493-CED0-4B98-9162-5BFFCD6FB640}.Debug|Any CPU.Deploy.0 = Debug|Any CPU
		{03689493-CED0-4B98-9162-5BFFCD6FB640}.Release|Any CPU.ActiveCfg = Release|Any CPU
		{03689493-CED0-4B98-9162-5BFFCD6FB640}.Release|Any CPU.Build.0 = Release|Any CPU
		{03689493-CED0-4B98-9162-5BFFCD6FB640}.Release|Any CPU.Deploy.0 = Release|Any CPU
		{D26A4796-5429-4BDC-9DE2-1B21F994B4B9}.Debug|Any CPU.ActiveCfg = Debug|Any CPU
		{D26A4796-5429-4BDC-9DE2-1B21F994B4B9}.Debug|Any CPU.Build.0 = Debug|Any CPU
		{D26A4796-5429-4BDC-9DE2-1B21F994B4B9}.Release|Any CPU.ActiveCfg = Release|Any CPU
		{D26A4796-5429-4BDC-9DE2-1B21F994B4B9}.Release|Any CPU.Build.0 = Release|Any CPU
		{971D67B3-6D81-4A33-8E28-63CF2C874F32}.Debug|Any CPU.ActiveCfg = Debug|Any CPU
		{971D67B3-6D81-4A33-8E28-63CF2C874F32}.Debug|Any CPU.Build.0 = Debug|Any CPU
		{971D67B3-6D81-4A33-8E28-63CF2C874F32}.Release|Any CPU.ActiveCfg = Release|Any CPU
		{971D67B3-6D81-4A33-8E28-63CF2C874F32}.Release|Any CPU.Build.0 = Release|Any CPU
		{1172F4E0-7247-4FA3-8C06-21B0D2102EC4}.Debug|Any CPU.ActiveCfg = Debug|Any CPU
		{1172F4E0-7247-4FA3-8C06-21B0D2102EC4}.Debug|Any CPU.Build.0 = Debug|Any CPU
		{1172F4E0-7247-4FA3-8C06-21B0D2102EC4}.Release|Any CPU.ActiveCfg = Release|Any CPU
		{1172F4E0-7247-4FA3-8C06-21B0D2102EC4}.Release|Any CPU.Build.0 = Release|Any CPU
	EndGlobalSection
	GlobalSection(SolutionProperties) = preSolution
		HideSolutionNode = FALSE
	EndGlobalSection
	GlobalSection(NestedProjects) = preSolution
		{0C08CB76-8D3A-466F-B593-4538A55F481E} = {C6938231-933B-41DB-85AF-52EF9F0A948C}
		{8E0AF359-C2D9-4592-AD14-6D45CE040DEC} = {35FE01E4-5A2D-43CF-BD16-A91AF1C700D4}
		{2C566503-673E-4ADF-8503-F6E04C58FB8E} = {35FE01E4-5A2D-43CF-BD16-A91AF1C700D4}
		{57E51D40-C611-4895-B740-536FF9452950} = {C1FC7DFA-56CF-44BD-9484-C6D231FEE96B}
		{71D51A21-09DA-4947-8D0B-5F56FE85FF84} = {35FE01E4-5A2D-43CF-BD16-A91AF1C700D4}
		{3AEA5C4D-5206-4EFF-AAE0-598908B427E4} = {35FE01E4-5A2D-43CF-BD16-A91AF1C700D4}
		{03689493-CED0-4B98-9162-5BFFCD6FB640} = {3E9A5F4F-8D3B-4CF1-BB93-DE305B450064}
		{D26A4796-5429-4BDC-9DE2-1B21F994B4B9} = {35FE01E4-5A2D-43CF-BD16-A91AF1C700D4}
		{971D67B3-6D81-4A33-8E28-63CF2C874F32} = {35FE01E4-5A2D-43CF-BD16-A91AF1C700D4}
		{1172F4E0-7247-4FA3-8C06-21B0D2102EC4} = {C1FC7DFA-56CF-44BD-9484-C6D231FEE96B}
	EndGlobalSection
EndGlobal
