
Microsoft Visual Studio Solution File, Format Version 12.00
# Visual Studio 14
VisualStudioVersion = 14.0.24720.0
MinimumVisualStudioVersion = 10.0.40219.1
Project("{FAE04EC0-301F-11D3-BF4B-00C04F79EFBC}") = "RockingMicrosoftBand.Main", "RockingMicrosoftBand.Main\RockingMicrosoftBand.Main.csproj", "{E3DF2AD1-BF70-4C35-BF2B-99B21024E882}"
EndProject
Project("{FAE04EC0-301F-11D3-BF4B-00C04F79EFBC}") = "RockingMicrosoftBand.Common", "RockingMicrosoftBand.Common\RockingMicrosoftBand.Common.csproj", "{51EA714C-F97F-4912-8BE4-A035616B9D31}"
EndProject
Project("{FAE04EC0-301F-11D3-BF4B-00C04F79EFBC}") = "RockingMicrosoftBand.Band", "RockingMicrosoftBand.Band\RockingMicrosoftBand.Band.csproj", "{FD7E4735-CD1F-42FE-AE49-E2118229B3F8}"
EndProject
Project("{FAE04EC0-301F-11D3-BF4B-00C04F79EFBC}") = "RockingMicrosoftBand.IOT", "RockingMicrosoftBand.IOT\RockingMicrosoftBand.IOT.csproj", "{D1843C54-A173-40F4-A873-A4C434063E78}"
EndProject
Project("{FAE04EC0-301F-11D3-BF4B-00C04F79EFBC}") = "Bioinfo.App.Library.Band", "Bioinfo.App.Library.Band\Bioinfo.App.Library.Band.csproj", "{6A023272-46AA-4797-86A0-D51BB4856F34}"
EndProject
Project("{FAE04EC0-301F-11D3-BF4B-00C04F79EFBC}") = "BioInfo.App.Library.Common", "BioInfo.App.Library.Common\BioInfo.App.Library.Common.csproj", "{74C500A3-08A2-4677-8322-046A7656E383}"
EndProject
Global
	GlobalSection(SolutionConfigurationPlatforms) = preSolution
		Debug|Any CPU = Debug|Any CPU
		Debug|ARM = Debug|ARM
		Debug|x64 = Debug|x64
		Debug|x86 = Debug|x86
		Release_Delay_Sign|Any CPU = Release_Delay_Sign|Any CPU
		Release_Delay_Sign|ARM = Release_Delay_Sign|ARM
		Release_Delay_Sign|x64 = Release_Delay_Sign|x64
		Release_Delay_Sign|x86 = Release_Delay_Sign|x86
		Release|Any CPU = Release|Any CPU
		Release|ARM = Release|ARM
		Release|x64 = Release|x64
		Release|x86 = Release|x86
	EndGlobalSection
	GlobalSection(ProjectConfigurationPlatforms) = postSolution
		{E3DF2AD1-BF70-4C35-BF2B-99B21024E882}.Debug|Any CPU.ActiveCfg = Debug|x86
		{E3DF2AD1-BF70-4C35-BF2B-99B21024E882}.Debug|ARM.ActiveCfg = Debug|ARM
		{E3DF2AD1-BF70-4C35-BF2B-99B21024E882}.Debug|ARM.Build.0 = Debug|ARM
		{E3DF2AD1-BF70-4C35-BF2B-99B21024E882}.Debug|ARM.Deploy.0 = Debug|ARM
		{E3DF2AD1-BF70-4C35-BF2B-99B21024E882}.Debug|x64.ActiveCfg = Debug|x64
		{E3DF2AD1-BF70-4C35-BF2B-99B21024E882}.Debug|x64.Build.0 = Debug|x64
		{E3DF2AD1-BF70-4C35-BF2B-99B21024E882}.Debug|x64.Deploy.0 = Debug|x64
		{E3DF2AD1-BF70-4C35-BF2B-99B21024E882}.Debug|x86.ActiveCfg = Debug|x86
		{E3DF2AD1-BF70-4C35-BF2B-99B21024E882}.Debug|x86.Build.0 = Debug|x86
		{E3DF2AD1-BF70-4C35-BF2B-99B21024E882}.Debug|x86.Deploy.0 = Debug|x86
		{E3DF2AD1-BF70-4C35-BF2B-99B21024E882}.Release_Delay_Sign|Any CPU.ActiveCfg = Release|x64
		{E3DF2AD1-BF70-4C35-BF2B-99B21024E882}.Release_Delay_Sign|Any CPU.Build.0 = Release|x64
		{E3DF2AD1-BF70-4C35-BF2B-99B21024E882}.Release_Delay_Sign|Any CPU.Deploy.0 = Release|x64
		{E3DF2AD1-BF70-4C35-BF2B-99B21024E882}.Release_Delay_Sign|ARM.ActiveCfg = Release|ARM
		{E3DF2AD1-BF70-4C35-BF2B-99B21024E882}.Release_Delay_Sign|ARM.Build.0 = Release|ARM
		{E3DF2AD1-BF70-4C35-BF2B-99B21024E882}.Release_Delay_Sign|ARM.Deploy.0 = Release|ARM
		{E3DF2AD1-BF70-4C35-BF2B-99B21024E882}.Release_Delay_Sign|x64.ActiveCfg = Release|x64
		{E3DF2AD1-BF70-4C35-BF2B-99B21024E882}.Release_Delay_Sign|x64.Build.0 = Release|x64
		{E3DF2AD1-BF70-4C35-BF2B-99B21024E882}.Release_Delay_Sign|x64.Deploy.0 = Release|x64
		{E3DF2AD1-BF70-4C35-BF2B-99B21024E882}.Release_Delay_Sign|x86.ActiveCfg = Release|x86
		{E3DF2AD1-BF70-4C35-BF2B-99B21024E882}.Release_Delay_Sign|x86.Build.0 = Release|x86
		{E3DF2AD1-BF70-4C35-BF2B-99B21024E882}.Release_Delay_Sign|x86.Deploy.0 = Release|x86
		{E3DF2AD1-BF70-4C35-BF2B-99B21024E882}.Release|Any CPU.ActiveCfg = Release|x86
		{E3DF2AD1-BF70-4C35-BF2B-99B21024E882}.Release|ARM.ActiveCfg = Release|ARM
		{E3DF2AD1-BF70-4C35-BF2B-99B21024E882}.Release|ARM.Build.0 = Release|ARM
		{E3DF2AD1-BF70-4C35-BF2B-99B21024E882}.Release|ARM.Deploy.0 = Release|ARM
		{E3DF2AD1-BF70-4C35-BF2B-99B21024E882}.Release|x64.ActiveCfg = Release|x64
		{E3DF2AD1-BF70-4C35-BF2B-99B21024E882}.Release|x64.Build.0 = Release|x64
		{E3DF2AD1-BF70-4C35-BF2B-99B21024E882}.Release|x64.Deploy.0 = Release|x64
		{E3DF2AD1-BF70-4C35-BF2B-99B21024E882}.Release|x86.ActiveCfg = Release|x86
		{E3DF2AD1-BF70-4C35-BF2B-99B21024E882}.Release|x86.Build.0 = Release|x86
		{E3DF2AD1-BF70-4C35-BF2B-99B21024E882}.Release|x86.Deploy.0 = Release|x86
		{51EA714C-F97F-4912-8BE4-A035616B9D31}.Debug|Any CPU.ActiveCfg = Debug|Any CPU
		{51EA714C-F97F-4912-8BE4-A035616B9D31}.Debug|Any CPU.Build.0 = Debug|Any CPU
		{51EA714C-F97F-4912-8BE4-A035616B9D31}.Debug|ARM.ActiveCfg = Debug|ARM
		{51EA714C-F97F-4912-8BE4-A035616B9D31}.Debug|ARM.Build.0 = Debug|ARM
		{51EA714C-F97F-4912-8BE4-A035616B9D31}.Debug|x64.ActiveCfg = Debug|x64
		{51EA714C-F97F-4912-8BE4-A035616B9D31}.Debug|x64.Build.0 = Debug|x64
		{51EA714C-F97F-4912-8BE4-A035616B9D31}.Debug|x86.ActiveCfg = Debug|x86
		{51EA714C-F97F-4912-8BE4-A035616B9D31}.Debug|x86.Build.0 = Debug|x86
		{51EA714C-F97F-4912-8BE4-A035616B9D31}.Release_Delay_Sign|Any CPU.ActiveCfg = Release|Any CPU
		{51EA714C-F97F-4912-8BE4-A035616B9D31}.Release_Delay_Sign|Any CPU.Build.0 = Release|Any CPU
		{51EA714C-F97F-4912-8BE4-A035616B9D31}.Release_Delay_Sign|ARM.ActiveCfg = Release|ARM
		{51EA714C-F97F-4912-8BE4-A035616B9D31}.Release_Delay_Sign|ARM.Build.0 = Release|ARM
		{51EA714C-F97F-4912-8BE4-A035616B9D31}.Release_Delay_Sign|x64.ActiveCfg = Release|x64
		{51EA714C-F97F-4912-8BE4-A035616B9D31}.Release_Delay_Sign|x64.Build.0 = Release|x64
		{51EA714C-F97F-4912-8BE4-A035616B9D31}.Release_Delay_Sign|x86.ActiveCfg = Release|x86
		{51EA714C-F97F-4912-8BE4-A035616B9D31}.Release_Delay_Sign|x86.Build.0 = Release|x86
		{51EA714C-F97F-4912-8BE4-A035616B9D31}.Release|Any CPU.ActiveCfg = Release|Any CPU
		{51EA714C-F97F-4912-8BE4-A035616B9D31}.Release|Any CPU.Build.0 = Release|Any CPU
		{51EA714C-F97F-4912-8BE4-A035616B9D31}.Release|ARM.ActiveCfg = Release|ARM
		{51EA714C-F97F-4912-8BE4-A035616B9D31}.Release|ARM.Build.0 = Release|ARM
		{51EA714C-F97F-4912-8BE4-A035616B9D31}.Release|x64.ActiveCfg = Release|x64
		{51EA714C-F97F-4912-8BE4-A035616B9D31}.Release|x64.Build.0 = Release|x64
		{51EA714C-F97F-4912-8BE4-A035616B9D31}.Release|x86.ActiveCfg = Release|x86
		{51EA714C-F97F-4912-8BE4-A035616B9D31}.Release|x86.Build.0 = Release|x86
		{FD7E4735-CD1F-42FE-AE49-E2118229B3F8}.Debug|Any CPU.ActiveCfg = Debug|Any CPU
		{FD7E4735-CD1F-42FE-AE49-E2118229B3F8}.Debug|Any CPU.Build.0 = Debug|Any CPU
		{FD7E4735-CD1F-42FE-AE49-E2118229B3F8}.Debug|ARM.ActiveCfg = Debug|ARM
		{FD7E4735-CD1F-42FE-AE49-E2118229B3F8}.Debug|ARM.Build.0 = Debug|ARM
		{FD7E4735-CD1F-42FE-AE49-E2118229B3F8}.Debug|x64.ActiveCfg = Debug|x64
		{FD7E4735-CD1F-42FE-AE49-E2118229B3F8}.Debug|x64.Build.0 = Debug|x64
		{FD7E4735-CD1F-42FE-AE49-E2118229B3F8}.Debug|x86.ActiveCfg = Debug|x86
		{FD7E4735-CD1F-42FE-AE49-E2118229B3F8}.Debug|x86.Build.0 = Debug|x86
		{FD7E4735-CD1F-42FE-AE49-E2118229B3F8}.Release_Delay_Sign|Any CPU.ActiveCfg = Release|Any CPU
		{FD7E4735-CD1F-42FE-AE49-E2118229B3F8}.Release_Delay_Sign|Any CPU.Build.0 = Release|Any CPU
		{FD7E4735-CD1F-42FE-AE49-E2118229B3F8}.Release_Delay_Sign|ARM.ActiveCfg = Release|ARM
		{FD7E4735-CD1F-42FE-AE49-E2118229B3F8}.Release_Delay_Sign|ARM.Build.0 = Release|ARM
		{FD7E4735-CD1F-42FE-AE49-E2118229B3F8}.Release_Delay_Sign|x64.ActiveCfg = Release|x64
		{FD7E4735-CD1F-42FE-AE49-E2118229B3F8}.Release_Delay_Sign|x64.Build.0 = Release|x64
		{FD7E4735-CD1F-42FE-AE49-E2118229B3F8}.Release_Delay_Sign|x86.ActiveCfg = Release|x86
		{FD7E4735-CD1F-42FE-AE49-E2118229B3F8}.Release_Delay_Sign|x86.Build.0 = Release|x86
		{FD7E4735-CD1F-42FE-AE49-E2118229B3F8}.Release|Any CPU.ActiveCfg = Release|Any CPU
		{FD7E4735-CD1F-42FE-AE49-E2118229B3F8}.Release|Any CPU.Build.0 = Release|Any CPU
		{FD7E4735-CD1F-42FE-AE49-E2118229B3F8}.Release|ARM.ActiveCfg = Release|ARM
		{FD7E4735-CD1F-42FE-AE49-E2118229B3F8}.Release|ARM.Build.0 = Release|ARM
		{FD7E4735-CD1F-42FE-AE49-E2118229B3F8}.Release|x64.ActiveCfg = Release|x64
		{FD7E4735-CD1F-42FE-AE49-E2118229B3F8}.Release|x64.Build.0 = Release|x64
		{FD7E4735-CD1F-42FE-AE49-E2118229B3F8}.Release|x86.ActiveCfg = Release|x86
		{FD7E4735-CD1F-42FE-AE49-E2118229B3F8}.Release|x86.Build.0 = Release|x86
		{D1843C54-A173-40F4-A873-A4C434063E78}.Debug|Any CPU.ActiveCfg = Debug|Any CPU
		{D1843C54-A173-40F4-A873-A4C434063E78}.Debug|Any CPU.Build.0 = Debug|Any CPU
		{D1843C54-A173-40F4-A873-A4C434063E78}.Debug|ARM.ActiveCfg = Debug|ARM
		{D1843C54-A173-40F4-A873-A4C434063E78}.Debug|ARM.Build.0 = Debug|ARM
		{D1843C54-A173-40F4-A873-A4C434063E78}.Debug|x64.ActiveCfg = Debug|x64
		{D1843C54-A173-40F4-A873-A4C434063E78}.Debug|x64.Build.0 = Debug|x64
		{D1843C54-A173-40F4-A873-A4C434063E78}.Debug|x86.ActiveCfg = Debug|x86
		{D1843C54-A173-40F4-A873-A4C434063E78}.Debug|x86.Build.0 = Debug|x86
		{D1843C54-A173-40F4-A873-A4C434063E78}.Release_Delay_Sign|Any CPU.ActiveCfg = Release|Any CPU
		{D1843C54-A173-40F4-A873-A4C434063E78}.Release_Delay_Sign|Any CPU.Build.0 = Release|Any CPU
		{D1843C54-A173-40F4-A873-A4C434063E78}.Release_Delay_Sign|ARM.ActiveCfg = Release|ARM
		{D1843C54-A173-40F4-A873-A4C434063E78}.Release_Delay_Sign|ARM.Build.0 = Release|ARM
		{D1843C54-A173-40F4-A873-A4C434063E78}.Release_Delay_Sign|x64.ActiveCfg = Release|x64
		{D1843C54-A173-40F4-A873-A4C434063E78}.Release_Delay_Sign|x64.Build.0 = Release|x64
		{D1843C54-A173-40F4-A873-A4C434063E78}.Release_Delay_Sign|x86.ActiveCfg = Release|x86
		{D1843C54-A173-40F4-A873-A4C434063E78}.Release_Delay_Sign|x86.Build.0 = Release|x86
		{D1843C54-A173-40F4-A873-A4C434063E78}.Release|Any CPU.ActiveCfg = Release|Any CPU
		{D1843C54-A173-40F4-A873-A4C434063E78}.Release|Any CPU.Build.0 = Release|Any CPU
		{D1843C54-A173-40F4-A873-A4C434063E78}.Release|ARM.ActiveCfg = Release|ARM
		{D1843C54-A173-40F4-A873-A4C434063E78}.Release|ARM.Build.0 = Release|ARM
		{D1843C54-A173-40F4-A873-A4C434063E78}.Release|x64.ActiveCfg = Release|x64
		{D1843C54-A173-40F4-A873-A4C434063E78}.Release|x64.Build.0 = Release|x64
		{D1843C54-A173-40F4-A873-A4C434063E78}.Release|x86.ActiveCfg = Release|x86
		{D1843C54-A173-40F4-A873-A4C434063E78}.Release|x86.Build.0 = Release|x86
		{6A023272-46AA-4797-86A0-D51BB4856F34}.Debug|Any CPU.ActiveCfg = Debug|Any CPU
		{6A023272-46AA-4797-86A0-D51BB4856F34}.Debug|Any CPU.Build.0 = Debug|Any CPU
		{6A023272-46AA-4797-86A0-D51BB4856F34}.Debug|ARM.ActiveCfg = Debug|Any CPU
		{6A023272-46AA-4797-86A0-D51BB4856F34}.Debug|ARM.Build.0 = Debug|Any CPU
		{6A023272-46AA-4797-86A0-D51BB4856F34}.Debug|x64.ActiveCfg = Debug|Any CPU
		{6A023272-46AA-4797-86A0-D51BB4856F34}.Debug|x64.Build.0 = Debug|Any CPU
		{6A023272-46AA-4797-86A0-D51BB4856F34}.Debug|x86.ActiveCfg = Debug|Any CPU
		{6A023272-46AA-4797-86A0-D51BB4856F34}.Debug|x86.Build.0 = Debug|Any CPU
		{6A023272-46AA-4797-86A0-D51BB4856F34}.Release_Delay_Sign|Any CPU.ActiveCfg = Release|Any CPU
		{6A023272-46AA-4797-86A0-D51BB4856F34}.Release_Delay_Sign|Any CPU.Build.0 = Release|Any CPU
		{6A023272-46AA-4797-86A0-D51BB4856F34}.Release_Delay_Sign|ARM.ActiveCfg = Release|Any CPU
		{6A023272-46AA-4797-86A0-D51BB4856F34}.Release_Delay_Sign|ARM.Build.0 = Release|Any CPU
		{6A023272-46AA-4797-86A0-D51BB4856F34}.Release_Delay_Sign|x64.ActiveCfg = Release|Any CPU
		{6A023272-46AA-4797-86A0-D51BB4856F34}.Release_Delay_Sign|x64.Build.0 = Release|Any CPU
		{6A023272-46AA-4797-86A0-D51BB4856F34}.Release_Delay_Sign|x86.ActiveCfg = Release|Any CPU
		{6A023272-46AA-4797-86A0-D51BB4856F34}.Release_Delay_Sign|x86.Build.0 = Release|Any CPU
		{6A023272-46AA-4797-86A0-D51BB4856F34}.Release|Any CPU.ActiveCfg = Release|Any CPU
		{6A023272-46AA-4797-86A0-D51BB4856F34}.Release|Any CPU.Build.0 = Release|Any CPU
		{6A023272-46AA-4797-86A0-D51BB4856F34}.Release|ARM.ActiveCfg = Release|Any CPU
		{6A023272-46AA-4797-86A0-D51BB4856F34}.Release|ARM.Build.0 = Release|Any CPU
		{6A023272-46AA-4797-86A0-D51BB4856F34}.Release|x64.ActiveCfg = Release|Any CPU
		{6A023272-46AA-4797-86A0-D51BB4856F34}.Release|x64.Build.0 = Release|Any CPU
		{6A023272-46AA-4797-86A0-D51BB4856F34}.Release|x86.ActiveCfg = Release|Any CPU
		{6A023272-46AA-4797-86A0-D51BB4856F34}.Release|x86.Build.0 = Release|Any CPU
		{74C500A3-08A2-4677-8322-046A7656E383}.Debug|Any CPU.ActiveCfg = Debug|Any CPU
		{74C500A3-08A2-4677-8322-046A7656E383}.Debug|Any CPU.Build.0 = Debug|Any CPU
		{74C500A3-08A2-4677-8322-046A7656E383}.Debug|ARM.ActiveCfg = Debug|Any CPU
		{74C500A3-08A2-4677-8322-046A7656E383}.Debug|ARM.Build.0 = Debug|Any CPU
		{74C500A3-08A2-4677-8322-046A7656E383}.Debug|x64.ActiveCfg = Debug|Any CPU
		{74C500A3-08A2-4677-8322-046A7656E383}.Debug|x64.Build.0 = Debug|Any CPU
		{74C500A3-08A2-4677-8322-046A7656E383}.Debug|x86.ActiveCfg = Debug|Any CPU
		{74C500A3-08A2-4677-8322-046A7656E383}.Debug|x86.Build.0 = Debug|Any CPU
		{74C500A3-08A2-4677-8322-046A7656E383}.Release_Delay_Sign|Any CPU.ActiveCfg = Release|Any CPU
		{74C500A3-08A2-4677-8322-046A7656E383}.Release_Delay_Sign|Any CPU.Build.0 = Release|Any CPU
		{74C500A3-08A2-4677-8322-046A7656E383}.Release_Delay_Sign|ARM.ActiveCfg = Release|Any CPU
		{74C500A3-08A2-4677-8322-046A7656E383}.Release_Delay_Sign|ARM.Build.0 = Release|Any CPU
		{74C500A3-08A2-4677-8322-046A7656E383}.Release_Delay_Sign|x64.ActiveCfg = Release|Any CPU
		{74C500A3-08A2-4677-8322-046A7656E383}.Release_Delay_Sign|x64.Build.0 = Release|Any CPU
		{74C500A3-08A2-4677-8322-046A7656E383}.Release_Delay_Sign|x86.ActiveCfg = Release|Any CPU
		{74C500A3-08A2-4677-8322-046A7656E383}.Release_Delay_Sign|x86.Build.0 = Release|Any CPU
		{74C500A3-08A2-4677-8322-046A7656E383}.Release|Any CPU.ActiveCfg = Release|Any CPU
		{74C500A3-08A2-4677-8322-046A7656E383}.Release|Any CPU.Build.0 = Release|Any CPU
		{74C500A3-08A2-4677-8322-046A7656E383}.Release|ARM.ActiveCfg = Release|Any CPU
		{74C500A3-08A2-4677-8322-046A7656E383}.Release|ARM.Build.0 = Release|Any CPU
		{74C500A3-08A2-4677-8322-046A7656E383}.Release|x64.ActiveCfg = Release|Any CPU
		{74C500A3-08A2-4677-8322-046A7656E383}.Release|x64.Build.0 = Release|Any CPU
		{74C500A3-08A2-4677-8322-046A7656E383}.Release|x86.ActiveCfg = Release|Any CPU
		{74C500A3-08A2-4677-8322-046A7656E383}.Release|x86.Build.0 = Release|Any CPU
	EndGlobalSection
	GlobalSection(SolutionProperties) = preSolution
		HideSolutionNode = FALSE
	EndGlobalSection
	GlobalSection(TeamFoundationVersionControl) = preSolution
		SccNumberOfProjects = 7
		SccEnterpriseProvider = {4CA58AB2-18FA-4F8D-95D4-32DDF27D184C}
		SccTeamFoundationServer = https://alineofcode.visualstudio.com/defaultcollection
		SccLocalPath0 = .
		SccProjectUniqueName1 = RockingMicrosoftBand.Main\\RockingMicrosoftBand.Main.csproj
		SccProjectName1 = RockingMicrosoftBand.Main
		SccLocalPath1 = RockingMicrosoftBand.Main
		SccProjectUniqueName2 = RockingMicrosoftBand.Common\\RockingMicrosoftBand.Common.csproj
		SccProjectName2 = RockingMicrosoftBand.Common
		SccLocalPath2 = RockingMicrosoftBand.Common
		SccProjectUniqueName3 = RockingMicrosoftBand.Band\\RockingMicrosoftBand.Band.csproj
		SccProjectName3 = RockingMicrosoftBand.Band
		SccLocalPath3 = RockingMicrosoftBand.Band
		SccProjectUniqueName4 = RockingMicrosoftBand.IOT\\RockingMicrosoftBand.IOT.csproj
		SccProjectName4 = RockingMicrosoftBand.IOT
		SccLocalPath4 = RockingMicrosoftBand.IOT
		SccProjectUniqueName5 = Bioinfo.App.Library.Band\\Bioinfo.App.Library.Band.csproj
		SccProjectName5 = Bioinfo.App.Library.Band
		SccLocalPath5 = Bioinfo.App.Library.Band
		SccProjectUniqueName6 = BioInfo.App.Library.Common\\BioInfo.App.Library.Common.csproj
		SccProjectName6 = BioInfo.App.Library.Common
		SccLocalPath6 = BioInfo.App.Library.Common
	EndGlobalSection
EndGlobal
