
Microsoft Visual Studio Solution File, Format Version 12.00
# Visual Studio 14
VisualStudioVersion = 14.0.25123.0
MinimumVisualStudioVersion = 10.0.40219.1
Project("{FAE04EC0-301F-11D3-BF4B-00C04F79EFBC}") = "BioInfo.Client.Droid", "BioInfo.Client\BioInfo.Client.Droid\BioInfo.Client.Droid.csproj", "{1B70023F-C572-48B6-9AB4-CC27A373E1DE}"
EndProject
Project("{FAE04EC0-301F-11D3-BF4B-00C04F79EFBC}") = "BioInfo.Client.iOS", "BioInfo.Client\BioInfo.Client.iOS\BioInfo.Client.iOS.csproj", "{FAAAABD6-2E9A-4C4B-9F11-D36ECDDDBFC7}"
EndProject
Project("{FAE04EC0-301F-11D3-BF4B-00C04F79EFBC}") = "BioInfo.Client.UWP", "BioInfo.Client\BioInfo.Client.UWP\BioInfo.Client.UWP.csproj", "{AA5CA611-C2BC-4500-A044-F246A6E0C46E}"
EndProject
Project("{FAE04EC0-301F-11D3-BF4B-00C04F79EFBC}") = "BioInfo.Client", "BioInfo.Client\BioInfo.Client\BioInfo.Client.csproj", "{A026B5EE-574C-40FB-B860-A48A8E486C76}"
EndProject
Global
	GlobalSection(SolutionConfigurationPlatforms) = preSolution
		Ad-Hoc|Any CPU = Ad-Hoc|Any CPU
		Ad-Hoc|ARM = Ad-Hoc|ARM
		Ad-Hoc|iPhone = Ad-Hoc|iPhone
		Ad-Hoc|iPhoneSimulator = Ad-Hoc|iPhoneSimulator
		Ad-Hoc|x64 = Ad-Hoc|x64
		Ad-Hoc|x86 = Ad-Hoc|x86
		AppStore|Any CPU = AppStore|Any CPU
		AppStore|ARM = AppStore|ARM
		AppStore|iPhone = AppStore|iPhone
		AppStore|iPhoneSimulator = AppStore|iPhoneSimulator
		AppStore|x64 = AppStore|x64
		AppStore|x86 = AppStore|x86
		Debug|Any CPU = Debug|Any CPU
		Debug|ARM = Debug|ARM
		Debug|iPhone = Debug|iPhone
		Debug|iPhoneSimulator = Debug|iPhoneSimulator
		Debug|x64 = Debug|x64
		Debug|x86 = Debug|x86
		Release|Any CPU = Release|Any CPU
		Release|ARM = Release|ARM
		Release|iPhone = Release|iPhone
		Release|iPhoneSimulator = Release|iPhoneSimulator
		Release|x64 = Release|x64
		Release|x86 = Release|x86
	EndGlobalSection
	GlobalSection(ProjectConfigurationPlatforms) = postSolution
		{1B70023F-C572-48B6-9AB4-CC27A373E1DE}.Ad-Hoc|Any CPU.ActiveCfg = Release|Any CPU
		{1B70023F-C572-48B6-9AB4-CC27A373E1DE}.Ad-Hoc|Any CPU.Build.0 = Release|Any CPU
		{1B70023F-C572-48B6-9AB4-CC27A373E1DE}.Ad-Hoc|Any CPU.Deploy.0 = Release|Any CPU
		{1B70023F-C572-48B6-9AB4-CC27A373E1DE}.Ad-Hoc|ARM.ActiveCfg = Release|Any CPU
		{1B70023F-C572-48B6-9AB4-CC27A373E1DE}.Ad-Hoc|ARM.Build.0 = Release|Any CPU
		{1B70023F-C572-48B6-9AB4-CC27A373E1DE}.Ad-Hoc|ARM.Deploy.0 = Release|Any CPU
		{1B70023F-C572-48B6-9AB4-CC27A373E1DE}.Ad-Hoc|iPhone.ActiveCfg = Release|Any CPU
		{1B70023F-C572-48B6-9AB4-CC27A373E1DE}.Ad-Hoc|iPhone.Build.0 = Release|Any CPU
		{1B70023F-C572-48B6-9AB4-CC27A373E1DE}.Ad-Hoc|iPhone.Deploy.0 = Release|Any CPU
		{1B70023F-C572-48B6-9AB4-CC27A373E1DE}.Ad-Hoc|iPhoneSimulator.ActiveCfg = Release|Any CPU
		{1B70023F-C572-48B6-9AB4-CC27A373E1DE}.Ad-Hoc|iPhoneSimulator.Build.0 = Release|Any CPU
		{1B70023F-C572-48B6-9AB4-CC27A373E1DE}.Ad-Hoc|iPhoneSimulator.Deploy.0 = Release|Any CPU
		{1B70023F-C572-48B6-9AB4-CC27A373E1DE}.Ad-Hoc|x64.ActiveCfg = Release|Any CPU
		{1B70023F-C572-48B6-9AB4-CC27A373E1DE}.Ad-Hoc|x64.Build.0 = Release|Any CPU
		{1B70023F-C572-48B6-9AB4-CC27A373E1DE}.Ad-Hoc|x64.Deploy.0 = Release|Any CPU
		{1B70023F-C572-48B6-9AB4-CC27A373E1DE}.Ad-Hoc|x86.ActiveCfg = Release|Any CPU
		{1B70023F-C572-48B6-9AB4-CC27A373E1DE}.Ad-Hoc|x86.Build.0 = Release|Any CPU
		{1B70023F-C572-48B6-9AB4-CC27A373E1DE}.Ad-Hoc|x86.Deploy.0 = Release|Any CPU
		{1B70023F-C572-48B6-9AB4-CC27A373E1DE}.AppStore|Any CPU.ActiveCfg = Release|Any CPU
		{1B70023F-C572-48B6-9AB4-CC27A373E1DE}.AppStore|Any CPU.Build.0 = Release|Any CPU
		{1B70023F-C572-48B6-9AB4-CC27A373E1DE}.AppStore|Any CPU.Deploy.0 = Release|Any CPU
		{1B70023F-C572-48B6-9AB4-CC27A373E1DE}.AppStore|ARM.ActiveCfg = Release|Any CPU
		{1B70023F-C572-48B6-9AB4-CC27A373E1DE}.AppStore|ARM.Build.0 = Release|Any CPU
		{1B70023F-C572-48B6-9AB4-CC27A373E1DE}.AppStore|ARM.Deploy.0 = Release|Any CPU
		{1B70023F-C572-48B6-9AB4-CC27A373E1DE}.AppStore|iPhone.ActiveCfg = Release|Any CPU
		{1B70023F-C572-48B6-9AB4-CC27A373E1DE}.AppStore|iPhone.Build.0 = Release|Any CPU
		{1B70023F-C572-48B6-9AB4-CC27A373E1DE}.AppStore|iPhone.Deploy.0 = Release|Any CPU
		{1B70023F-C572-48B6-9AB4-CC27A373E1DE}.AppStore|iPhoneSimulator.ActiveCfg = Release|Any CPU
		{1B70023F-C572-48B6-9AB4-CC27A373E1DE}.AppStore|iPhoneSimulator.Build.0 = Release|Any CPU
		{1B70023F-C572-48B6-9AB4-CC27A373E1DE}.AppStore|iPhoneSimulator.Deploy.0 = Release|Any CPU
		{1B70023F-C572-48B6-9AB4-CC27A373E1DE}.AppStore|x64.ActiveCfg = Release|Any CPU
		{1B70023F-C572-48B6-9AB4-CC27A373E1DE}.AppStore|x64.Build.0 = Release|Any CPU
		{1B70023F-C572-48B6-9AB4-CC27A373E1DE}.AppStore|x64.Deploy.0 = Release|Any CPU
		{1B70023F-C572-48B6-9AB4-CC27A373E1DE}.AppStore|x86.ActiveCfg = Release|Any CPU
		{1B70023F-C572-48B6-9AB4-CC27A373E1DE}.AppStore|x86.Build.0 = Release|Any CPU
		{1B70023F-C572-48B6-9AB4-CC27A373E1DE}.AppStore|x86.Deploy.0 = Release|Any CPU
		{1B70023F-C572-48B6-9AB4-CC27A373E1DE}.Debug|Any CPU.ActiveCfg = Debug|Any CPU
		{1B70023F-C572-48B6-9AB4-CC27A373E1DE}.Debug|Any CPU.Build.0 = Debug|Any CPU
		{1B70023F-C572-48B6-9AB4-CC27A373E1DE}.Debug|Any CPU.Deploy.0 = Debug|Any CPU
		{1B70023F-C572-48B6-9AB4-CC27A373E1DE}.Debug|ARM.ActiveCfg = Debug|Any CPU
		{1B70023F-C572-48B6-9AB4-CC27A373E1DE}.Debug|ARM.Build.0 = Debug|Any CPU
		{1B70023F-C572-48B6-9AB4-CC27A373E1DE}.Debug|ARM.Deploy.0 = Debug|Any CPU
		{1B70023F-C572-48B6-9AB4-CC27A373E1DE}.Debug|iPhone.ActiveCfg = Debug|Any CPU
		{1B70023F-C572-48B6-9AB4-CC27A373E1DE}.Debug|iPhone.Build.0 = Debug|Any CPU
		{1B70023F-C572-48B6-9AB4-CC27A373E1DE}.Debug|iPhone.Deploy.0 = Debug|Any CPU
		{1B70023F-C572-48B6-9AB4-CC27A373E1DE}.Debug|iPhoneSimulator.ActiveCfg = Debug|Any CPU
		{1B70023F-C572-48B6-9AB4-CC27A373E1DE}.Debug|iPhoneSimulator.Build.0 = Debug|Any CPU
		{1B70023F-C572-48B6-9AB4-CC27A373E1DE}.Debug|iPhoneSimulator.Deploy.0 = Debug|Any CPU
		{1B70023F-C572-48B6-9AB4-CC27A373E1DE}.Debug|x64.ActiveCfg = Debug|Any CPU
		{1B70023F-C572-48B6-9AB4-CC27A373E1DE}.Debug|x64.Build.0 = Debug|Any CPU
		{1B70023F-C572-48B6-9AB4-CC27A373E1DE}.Debug|x64.Deploy.0 = Debug|Any CPU
		{1B70023F-C572-48B6-9AB4-CC27A373E1DE}.Debug|x86.ActiveCfg = Debug|Any CPU
		{1B70023F-C572-48B6-9AB4-CC27A373E1DE}.Debug|x86.Build.0 = Debug|Any CPU
		{1B70023F-C572-48B6-9AB4-CC27A373E1DE}.Debug|x86.Deploy.0 = Debug|Any CPU
		{1B70023F-C572-48B6-9AB4-CC27A373E1DE}.Release|Any CPU.ActiveCfg = Release|Any CPU
		{1B70023F-C572-48B6-9AB4-CC27A373E1DE}.Release|Any CPU.Build.0 = Release|Any CPU
		{1B70023F-C572-48B6-9AB4-CC27A373E1DE}.Release|Any CPU.Deploy.0 = Release|Any CPU
		{1B70023F-C572-48B6-9AB4-CC27A373E1DE}.Release|ARM.ActiveCfg = Release|Any CPU
		{1B70023F-C572-48B6-9AB4-CC27A373E1DE}.Release|ARM.Build.0 = Release|Any CPU
		{1B70023F-C572-48B6-9AB4-CC27A373E1DE}.Release|ARM.Deploy.0 = Release|Any CPU
		{1B70023F-C572-48B6-9AB4-CC27A373E1DE}.Release|iPhone.ActiveCfg = Release|Any CPU
		{1B70023F-C572-48B6-9AB4-CC27A373E1DE}.Release|iPhone.Build.0 = Release|Any CPU
		{1B70023F-C572-48B6-9AB4-CC27A373E1DE}.Release|iPhone.Deploy.0 = Release|Any CPU
		{1B70023F-C572-48B6-9AB4-CC27A373E1DE}.Release|iPhoneSimulator.ActiveCfg = Release|Any CPU
		{1B70023F-C572-48B6-9AB4-CC27A373E1DE}.Release|iPhoneSimulator.Build.0 = Release|Any CPU
		{1B70023F-C572-48B6-9AB4-CC27A373E1DE}.Release|iPhoneSimulator.Deploy.0 = Release|Any CPU
		{1B70023F-C572-48B6-9AB4-CC27A373E1DE}.Release|x64.ActiveCfg = Release|Any CPU
		{1B70023F-C572-48B6-9AB4-CC27A373E1DE}.Release|x64.Build.0 = Release|Any CPU
		{1B70023F-C572-48B6-9AB4-CC27A373E1DE}.Release|x64.Deploy.0 = Release|Any CPU
		{1B70023F-C572-48B6-9AB4-CC27A373E1DE}.Release|x86.ActiveCfg = Release|Any CPU
		{1B70023F-C572-48B6-9AB4-CC27A373E1DE}.Release|x86.Build.0 = Release|Any CPU
		{1B70023F-C572-48B6-9AB4-CC27A373E1DE}.Release|x86.Deploy.0 = Release|Any CPU
		{FAAAABD6-2E9A-4C4B-9F11-D36ECDDDBFC7}.Ad-Hoc|Any CPU.ActiveCfg = Ad-Hoc|iPhone
		{FAAAABD6-2E9A-4C4B-9F11-D36ECDDDBFC7}.Ad-Hoc|ARM.ActiveCfg = Ad-Hoc|iPhone
		{FAAAABD6-2E9A-4C4B-9F11-D36ECDDDBFC7}.Ad-Hoc|iPhone.ActiveCfg = Ad-Hoc|iPhone
		{FAAAABD6-2E9A-4C4B-9F11-D36ECDDDBFC7}.Ad-Hoc|iPhone.Build.0 = Ad-Hoc|iPhone
		{FAAAABD6-2E9A-4C4B-9F11-D36ECDDDBFC7}.Ad-Hoc|iPhoneSimulator.ActiveCfg = Ad-Hoc|iPhoneSimulator
		{FAAAABD6-2E9A-4C4B-9F11-D36ECDDDBFC7}.Ad-Hoc|iPhoneSimulator.Build.0 = Ad-Hoc|iPhoneSimulator
		{FAAAABD6-2E9A-4C4B-9F11-D36ECDDDBFC7}.Ad-Hoc|x64.ActiveCfg = Ad-Hoc|iPhone
		{FAAAABD6-2E9A-4C4B-9F11-D36ECDDDBFC7}.Ad-Hoc|x86.ActiveCfg = Ad-Hoc|iPhone
		{FAAAABD6-2E9A-4C4B-9F11-D36ECDDDBFC7}.AppStore|Any CPU.ActiveCfg = AppStore|iPhone
		{FAAAABD6-2E9A-4C4B-9F11-D36ECDDDBFC7}.AppStore|ARM.ActiveCfg = AppStore|iPhone
		{FAAAABD6-2E9A-4C4B-9F11-D36ECDDDBFC7}.AppStore|iPhone.ActiveCfg = AppStore|iPhone
		{FAAAABD6-2E9A-4C4B-9F11-D36ECDDDBFC7}.AppStore|iPhone.Build.0 = AppStore|iPhone
		{FAAAABD6-2E9A-4C4B-9F11-D36ECDDDBFC7}.AppStore|iPhoneSimulator.ActiveCfg = AppStore|iPhoneSimulator
		{FAAAABD6-2E9A-4C4B-9F11-D36ECDDDBFC7}.AppStore|iPhoneSimulator.Build.0 = AppStore|iPhoneSimulator
		{FAAAABD6-2E9A-4C4B-9F11-D36ECDDDBFC7}.AppStore|x64.ActiveCfg = AppStore|iPhone
		{FAAAABD6-2E9A-4C4B-9F11-D36ECDDDBFC7}.AppStore|x86.ActiveCfg = AppStore|iPhone
		{FAAAABD6-2E9A-4C4B-9F11-D36ECDDDBFC7}.Debug|Any CPU.ActiveCfg = Debug|iPhone
		{FAAAABD6-2E9A-4C4B-9F11-D36ECDDDBFC7}.Debug|ARM.ActiveCfg = Debug|iPhone
		{FAAAABD6-2E9A-4C4B-9F11-D36ECDDDBFC7}.Debug|iPhone.ActiveCfg = Debug|iPhone
		{FAAAABD6-2E9A-4C4B-9F11-D36ECDDDBFC7}.Debug|iPhone.Build.0 = Debug|iPhone
		{FAAAABD6-2E9A-4C4B-9F11-D36ECDDDBFC7}.Debug|iPhoneSimulator.ActiveCfg = Debug|iPhoneSimulator
		{FAAAABD6-2E9A-4C4B-9F11-D36ECDDDBFC7}.Debug|iPhoneSimulator.Build.0 = Debug|iPhoneSimulator
		{FAAAABD6-2E9A-4C4B-9F11-D36ECDDDBFC7}.Debug|x64.ActiveCfg = Debug|iPhone
		{FAAAABD6-2E9A-4C4B-9F11-D36ECDDDBFC7}.Debug|x86.ActiveCfg = Debug|iPhone
		{FAAAABD6-2E9A-4C4B-9F11-D36ECDDDBFC7}.Release|Any CPU.ActiveCfg = Release|iPhone
		{FAAAABD6-2E9A-4C4B-9F11-D36ECDDDBFC7}.Release|ARM.ActiveCfg = Release|iPhone
		{FAAAABD6-2E9A-4C4B-9F11-D36ECDDDBFC7}.Release|iPhone.ActiveCfg = Release|iPhone
		{FAAAABD6-2E9A-4C4B-9F11-D36ECDDDBFC7}.Release|iPhone.Build.0 = Release|iPhone
		{FAAAABD6-2E9A-4C4B-9F11-D36ECDDDBFC7}.Release|iPhoneSimulator.ActiveCfg = Release|iPhoneSimulator
		{FAAAABD6-2E9A-4C4B-9F11-D36ECDDDBFC7}.Release|iPhoneSimulator.Build.0 = Release|iPhoneSimulator
		{FAAAABD6-2E9A-4C4B-9F11-D36ECDDDBFC7}.Release|x64.ActiveCfg = Release|iPhone
		{FAAAABD6-2E9A-4C4B-9F11-D36ECDDDBFC7}.Release|x86.ActiveCfg = Release|iPhone
		{AA5CA611-C2BC-4500-A044-F246A6E0C46E}.Ad-Hoc|Any CPU.ActiveCfg = Release|x86
		{AA5CA611-C2BC-4500-A044-F246A6E0C46E}.Ad-Hoc|Any CPU.Build.0 = Release|x86
		{AA5CA611-C2BC-4500-A044-F246A6E0C46E}.Ad-Hoc|Any CPU.Deploy.0 = Release|x86
		{AA5CA611-C2BC-4500-A044-F246A6E0C46E}.Ad-Hoc|ARM.ActiveCfg = Release|ARM
		{AA5CA611-C2BC-4500-A044-F246A6E0C46E}.Ad-Hoc|ARM.Build.0 = Release|ARM
		{AA5CA611-C2BC-4500-A044-F246A6E0C46E}.Ad-Hoc|ARM.Deploy.0 = Release|ARM
		{AA5CA611-C2BC-4500-A044-F246A6E0C46E}.Ad-Hoc|iPhone.ActiveCfg = Release|x86
		{AA5CA611-C2BC-4500-A044-F246A6E0C46E}.Ad-Hoc|iPhone.Build.0 = Release|x86
		{AA5CA611-C2BC-4500-A044-F246A6E0C46E}.Ad-Hoc|iPhone.Deploy.0 = Release|x86
		{AA5CA611-C2BC-4500-A044-F246A6E0C46E}.Ad-Hoc|iPhoneSimulator.ActiveCfg = Release|x86
		{AA5CA611-C2BC-4500-A044-F246A6E0C46E}.Ad-Hoc|iPhoneSimulator.Build.0 = Release|x86
		{AA5CA611-C2BC-4500-A044-F246A6E0C46E}.Ad-Hoc|iPhoneSimulator.Deploy.0 = Release|x86
		{AA5CA611-C2BC-4500-A044-F246A6E0C46E}.Ad-Hoc|x64.ActiveCfg = Release|x64
		{AA5CA611-C2BC-4500-A044-F246A6E0C46E}.Ad-Hoc|x64.Build.0 = Release|x64
		{AA5CA611-C2BC-4500-A044-F246A6E0C46E}.Ad-Hoc|x64.Deploy.0 = Release|x64
		{AA5CA611-C2BC-4500-A044-F246A6E0C46E}.Ad-Hoc|x86.ActiveCfg = Release|x86
		{AA5CA611-C2BC-4500-A044-F246A6E0C46E}.Ad-Hoc|x86.Build.0 = Release|x86
		{AA5CA611-C2BC-4500-A044-F246A6E0C46E}.Ad-Hoc|x86.Deploy.0 = Release|x86
		{AA5CA611-C2BC-4500-A044-F246A6E0C46E}.AppStore|Any CPU.ActiveCfg = Release|x86
		{AA5CA611-C2BC-4500-A044-F246A6E0C46E}.AppStore|Any CPU.Build.0 = Release|x86
		{AA5CA611-C2BC-4500-A044-F246A6E0C46E}.AppStore|Any CPU.Deploy.0 = Release|x86
		{AA5CA611-C2BC-4500-A044-F246A6E0C46E}.AppStore|ARM.ActiveCfg = Release|ARM
		{AA5CA611-C2BC-4500-A044-F246A6E0C46E}.AppStore|ARM.Build.0 = Release|ARM
		{AA5CA611-C2BC-4500-A044-F246A6E0C46E}.AppStore|ARM.Deploy.0 = Release|ARM
		{AA5CA611-C2BC-4500-A044-F246A6E0C46E}.AppStore|iPhone.ActiveCfg = Release|x86
		{AA5CA611-C2BC-4500-A044-F246A6E0C46E}.AppStore|iPhone.Build.0 = Release|x86
		{AA5CA611-C2BC-4500-A044-F246A6E0C46E}.AppStore|iPhone.Deploy.0 = Release|x86
		{AA5CA611-C2BC-4500-A044-F246A6E0C46E}.AppStore|iPhoneSimulator.ActiveCfg = Release|x86
		{AA5CA611-C2BC-4500-A044-F246A6E0C46E}.AppStore|iPhoneSimulator.Build.0 = Release|x86
		{AA5CA611-C2BC-4500-A044-F246A6E0C46E}.AppStore|iPhoneSimulator.Deploy.0 = Release|x86
		{AA5CA611-C2BC-4500-A044-F246A6E0C46E}.AppStore|x64.ActiveCfg = Release|x64
		{AA5CA611-C2BC-4500-A044-F246A6E0C46E}.AppStore|x64.Build.0 = Release|x64
		{AA5CA611-C2BC-4500-A044-F246A6E0C46E}.AppStore|x64.Deploy.0 = Release|x64
		{AA5CA611-C2BC-4500-A044-F246A6E0C46E}.AppStore|x86.ActiveCfg = Release|x86
		{AA5CA611-C2BC-4500-A044-F246A6E0C46E}.AppStore|x86.Build.0 = Release|x86
		{AA5CA611-C2BC-4500-A044-F246A6E0C46E}.AppStore|x86.Deploy.0 = Release|x86
		{AA5CA611-C2BC-4500-A044-F246A6E0C46E}.Debug|Any CPU.ActiveCfg = Debug|x86
		{AA5CA611-C2BC-4500-A044-F246A6E0C46E}.Debug|ARM.ActiveCfg = Debug|ARM
		{AA5CA611-C2BC-4500-A044-F246A6E0C46E}.Debug|ARM.Build.0 = Debug|ARM
		{AA5CA611-C2BC-4500-A044-F246A6E0C46E}.Debug|ARM.Deploy.0 = Debug|ARM
		{AA5CA611-C2BC-4500-A044-F246A6E0C46E}.Debug|iPhone.ActiveCfg = Debug|x86
		{AA5CA611-C2BC-4500-A044-F246A6E0C46E}.Debug|iPhoneSimulator.ActiveCfg = Debug|x86
		{AA5CA611-C2BC-4500-A044-F246A6E0C46E}.Debug|x64.ActiveCfg = Debug|x64
		{AA5CA611-C2BC-4500-A044-F246A6E0C46E}.Debug|x64.Build.0 = Debug|x64
		{AA5CA611-C2BC-4500-A044-F246A6E0C46E}.Debug|x64.Deploy.0 = Debug|x64
		{AA5CA611-C2BC-4500-A044-F246A6E0C46E}.Debug|x86.ActiveCfg = Debug|x86
		{AA5CA611-C2BC-4500-A044-F246A6E0C46E}.Debug|x86.Build.0 = Debug|x86
		{AA5CA611-C2BC-4500-A044-F246A6E0C46E}.Debug|x86.Deploy.0 = Debug|x86
		{AA5CA611-C2BC-4500-A044-F246A6E0C46E}.Release|Any CPU.ActiveCfg = Release|x86
		{AA5CA611-C2BC-4500-A044-F246A6E0C46E}.Release|ARM.ActiveCfg = Release|ARM
		{AA5CA611-C2BC-4500-A044-F246A6E0C46E}.Release|ARM.Build.0 = Release|ARM
		{AA5CA611-C2BC-4500-A044-F246A6E0C46E}.Release|ARM.Deploy.0 = Release|ARM
		{AA5CA611-C2BC-4500-A044-F246A6E0C46E}.Release|iPhone.ActiveCfg = Release|x86
		{AA5CA611-C2BC-4500-A044-F246A6E0C46E}.Release|iPhoneSimulator.ActiveCfg = Release|x86
		{AA5CA611-C2BC-4500-A044-F246A6E0C46E}.Release|x64.ActiveCfg = Release|x64
		{AA5CA611-C2BC-4500-A044-F246A6E0C46E}.Release|x64.Build.0 = Release|x64
		{AA5CA611-C2BC-4500-A044-F246A6E0C46E}.Release|x64.Deploy.0 = Release|x64
		{AA5CA611-C2BC-4500-A044-F246A6E0C46E}.Release|x86.ActiveCfg = Release|x86
		{AA5CA611-C2BC-4500-A044-F246A6E0C46E}.Release|x86.Build.0 = Release|x86
		{AA5CA611-C2BC-4500-A044-F246A6E0C46E}.Release|x86.Deploy.0 = Release|x86
		{A026B5EE-574C-40FB-B860-A48A8E486C76}.Ad-Hoc|Any CPU.ActiveCfg = Release|Any CPU
		{A026B5EE-574C-40FB-B860-A48A8E486C76}.Ad-Hoc|Any CPU.Build.0 = Release|Any CPU
		{A026B5EE-574C-40FB-B860-A48A8E486C76}.Ad-Hoc|ARM.ActiveCfg = Release|Any CPU
		{A026B5EE-574C-40FB-B860-A48A8E486C76}.Ad-Hoc|ARM.Build.0 = Release|Any CPU
		{A026B5EE-574C-40FB-B860-A48A8E486C76}.Ad-Hoc|iPhone.ActiveCfg = Release|Any CPU
		{A026B5EE-574C-40FB-B860-A48A8E486C76}.Ad-Hoc|iPhone.Build.0 = Release|Any CPU
		{A026B5EE-574C-40FB-B860-A48A8E486C76}.Ad-Hoc|iPhoneSimulator.ActiveCfg = Release|Any CPU
		{A026B5EE-574C-40FB-B860-A48A8E486C76}.Ad-Hoc|iPhoneSimulator.Build.0 = Release|Any CPU
		{A026B5EE-574C-40FB-B860-A48A8E486C76}.Ad-Hoc|x64.ActiveCfg = Release|Any CPU
		{A026B5EE-574C-40FB-B860-A48A8E486C76}.Ad-Hoc|x64.Build.0 = Release|Any CPU
		{A026B5EE-574C-40FB-B860-A48A8E486C76}.Ad-Hoc|x86.ActiveCfg = Release|Any CPU
		{A026B5EE-574C-40FB-B860-A48A8E486C76}.Ad-Hoc|x86.Build.0 = Release|Any CPU
		{A026B5EE-574C-40FB-B860-A48A8E486C76}.AppStore|Any CPU.ActiveCfg = Release|Any CPU
		{A026B5EE-574C-40FB-B860-A48A8E486C76}.AppStore|Any CPU.Build.0 = Release|Any CPU
		{A026B5EE-574C-40FB-B860-A48A8E486C76}.AppStore|ARM.ActiveCfg = Release|Any CPU
		{A026B5EE-574C-40FB-B860-A48A8E486C76}.AppStore|ARM.Build.0 = Release|Any CPU
		{A026B5EE-574C-40FB-B860-A48A8E486C76}.AppStore|iPhone.ActiveCfg = Release|Any CPU
		{A026B5EE-574C-40FB-B860-A48A8E486C76}.AppStore|iPhone.Build.0 = Release|Any CPU
		{A026B5EE-574C-40FB-B860-A48A8E486C76}.AppStore|iPhoneSimulator.ActiveCfg = Release|Any CPU
		{A026B5EE-574C-40FB-B860-A48A8E486C76}.AppStore|iPhoneSimulator.Build.0 = Release|Any CPU
		{A026B5EE-574C-40FB-B860-A48A8E486C76}.AppStore|x64.ActiveCfg = Release|Any CPU
		{A026B5EE-574C-40FB-B860-A48A8E486C76}.AppStore|x64.Build.0 = Release|Any CPU
		{A026B5EE-574C-40FB-B860-A48A8E486C76}.AppStore|x86.ActiveCfg = Release|Any CPU
		{A026B5EE-574C-40FB-B860-A48A8E486C76}.AppStore|x86.Build.0 = Release|Any CPU
		{A026B5EE-574C-40FB-B860-A48A8E486C76}.Debug|Any CPU.ActiveCfg = Debug|Any CPU
		{A026B5EE-574C-40FB-B860-A48A8E486C76}.Debug|Any CPU.Build.0 = Debug|Any CPU
		{A026B5EE-574C-40FB-B860-A48A8E486C76}.Debug|ARM.ActiveCfg = Debug|Any CPU
		{A026B5EE-574C-40FB-B860-A48A8E486C76}.Debug|ARM.Build.0 = Debug|Any CPU
		{A026B5EE-574C-40FB-B860-A48A8E486C76}.Debug|iPhone.ActiveCfg = Debug|Any CPU
		{A026B5EE-574C-40FB-B860-A48A8E486C76}.Debug|iPhone.Build.0 = Debug|Any CPU
		{A026B5EE-574C-40FB-B860-A48A8E486C76}.Debug|iPhoneSimulator.ActiveCfg = Debug|Any CPU
		{A026B5EE-574C-40FB-B860-A48A8E486C76}.Debug|iPhoneSimulator.Build.0 = Debug|Any CPU
		{A026B5EE-574C-40FB-B860-A48A8E486C76}.Debug|x64.ActiveCfg = Debug|Any CPU
		{A026B5EE-574C-40FB-B860-A48A8E486C76}.Debug|x64.Build.0 = Debug|Any CPU
		{A026B5EE-574C-40FB-B860-A48A8E486C76}.Debug|x86.ActiveCfg = Debug|Any CPU
		{A026B5EE-574C-40FB-B860-A48A8E486C76}.Debug|x86.Build.0 = Debug|Any CPU
		{A026B5EE-574C-40FB-B860-A48A8E486C76}.Release|Any CPU.ActiveCfg = Release|Any CPU
		{A026B5EE-574C-40FB-B860-A48A8E486C76}.Release|Any CPU.Build.0 = Release|Any CPU
		{A026B5EE-574C-40FB-B860-A48A8E486C76}.Release|ARM.ActiveCfg = Release|Any CPU
		{A026B5EE-574C-40FB-B860-A48A8E486C76}.Release|ARM.Build.0 = Release|Any CPU
		{A026B5EE-574C-40FB-B860-A48A8E486C76}.Release|iPhone.ActiveCfg = Release|Any CPU
		{A026B5EE-574C-40FB-B860-A48A8E486C76}.Release|iPhone.Build.0 = Release|Any CPU
		{A026B5EE-574C-40FB-B860-A48A8E486C76}.Release|iPhoneSimulator.ActiveCfg = Release|Any CPU
		{A026B5EE-574C-40FB-B860-A48A8E486C76}.Release|iPhoneSimulator.Build.0 = Release|Any CPU
		{A026B5EE-574C-40FB-B860-A48A8E486C76}.Release|x64.ActiveCfg = Release|Any CPU
		{A026B5EE-574C-40FB-B860-A48A8E486C76}.Release|x64.Build.0 = Release|Any CPU
		{A026B5EE-574C-40FB-B860-A48A8E486C76}.Release|x86.ActiveCfg = Release|Any CPU
		{A026B5EE-574C-40FB-B860-A48A8E486C76}.Release|x86.Build.0 = Release|Any CPU
	EndGlobalSection
	GlobalSection(SolutionProperties) = preSolution
		HideSolutionNode = FALSE
	EndGlobalSection
EndGlobal
